// !$*UTF8*$!
{
	archiveVersion = 1;
	classes = {
	};
	objectVersion = 50;
	objects = {

/* Begin PBXBuildFile section */
		DD08FD4221AAAC6000FA0954 /* AppDelegate.swift in Sources */ = {isa = PBXBuildFile; fileRef = DD08FD4121AAAC6000FA0954 /* AppDelegate.swift */; };
		DD08FD4421AAAC6000FA0954 /* ViewController.swift in Sources */ = {isa = PBXBuildFile; fileRef = DD08FD4321AAAC6000FA0954 /* ViewController.swift */; };
		DD08FD4721AAAC6000FA0954 /* Main.storyboard in Resources */ = {isa = PBXBuildFile; fileRef = DD08FD4521AAAC6000FA0954 /* Main.storyboard */; };
		DD08FD4A21AAAC6000FA0954 /* ToDoUsingCoreData.xcdatamodeld in Sources */ = {isa = PBXBuildFile; fileRef = DD08FD4821AAAC6000FA0954 /* ToDoUsingCoreData.xcdatamodeld */; };
		DD08FD4C21AAAC6200FA0954 /* Assets.xcassets in Resources */ = {isa = PBXBuildFile; fileRef = DD08FD4B21AAAC6200FA0954 /* Assets.xcassets */; };
		DD08FD4F21AAAC6200FA0954 /* LaunchScreen.storyboard in Resources */ = {isa = PBXBuildFile; fileRef = DD08FD4D21AAAC6200FA0954 /* LaunchScreen.storyboard */; };
		DD08FD5B21AAAFCF00FA0954 /* TaskViewController.swift in Sources */ = {isa = PBXBuildFile; fileRef = DD08FD5A21AAAFCF00FA0954 /* TaskViewController.swift */; };
		DD08FD5D21AAB07C00FA0954 /* TableViewCell.swift in Sources */ = {isa = PBXBuildFile; fileRef = DD08FD5C21AAB07C00FA0954 /* TableViewCell.swift */; };
/* End PBXBuildFile section */

/* Begin PBXFileReference section */
		DD08FD3E21AAAC6000FA0954 /* ToDoUsingCoreData.app */ = {isa = PBXFileReference; explicitFileType = wrapper.application; includeInIndex = 0; path = ToDoUsingCoreData.app; sourceTree = BUILT_PRODUCTS_DIR; };
		DD08FD4121AAAC6000FA0954 /* AppDelegate.swift */ = {isa = PBXFileReference; lastKnownFileType = sourcecode.swift; path = AppDelegate.swift; sourceTree = "<group>"; };
		DD08FD4321AAAC6000FA0954 /* ViewController.swift */ = {isa = PBXFileReference; lastKnownFileType = sourcecode.swift; path = ViewController.swift; sourceTree = "<group>"; };
		DD08FD4621AAAC6000FA0954 /* Base */ = {isa = PBXFileReference; lastKnownFileType = file.storyboard; name = Base; path = Base.lproj/Main.storyboard; sourceTree = "<group>"; };
		DD08FD4921AAAC6000FA0954 /* ToDoUsingCoreData.xcdatamodel */ = {isa = PBXFileReference; lastKnownFileType = wrapper.xcdatamodel; path = ToDoUsingCoreData.xcdatamodel; sourceTree = "<group>"; };
		DD08FD4B21AAAC6200FA0954 /* Assets.xcassets */ = {isa = PBXFileReference; lastKnownFileType = folder.assetcatalog; path = Assets.xcassets; sourceTree = "<group>"; };
		DD08FD4E21AAAC6200FA0954 /* Base */ = {isa = PBXFileReference; lastKnownFileType = file.storyboard; name = Base; path = Base.lproj/LaunchScreen.storyboard; sourceTree = "<group>"; };
		DD08FD5021AAAC6200FA0954 /* Info.plist */ = {isa = PBXFileReference; lastKnownFileType = text.plist.xml; path = Info.plist; sourceTree = "<group>"; };
		DD08FD5A21AAAFCF00FA0954 /* TaskViewController.swift */ = {isa = PBXFileReference; lastKnownFileType = sourcecode.swift; path = TaskViewController.swift; sourceTree = "<group>"; };
		DD08FD5C21AAB07C00FA0954 /* TableViewCell.swift */ = {isa = PBXFileReference; lastKnownFileType = sourcecode.swift; path = TableViewCell.swift; sourceTree = "<group>"; };
/* End PBXFileReference section */

/* Begin PBXFrameworksBuildPhase section */
		DD08FD3B21AAAC5F00FA0954 /* Frameworks */ = {
			isa = PBXFrameworksBuildPhase;
			buildActionMask = 2147483647;
			files = (
			);
			runOnlyForDeploymentPostprocessing = 0;
		};
/* End PBXFrameworksBuildPhase section */

/* Begin PBXGroup section */
		DD08FD3521AAAC5F00FA0954 = {
			isa = PBXGroup;
			children = (
				DD08FD4021AAAC6000FA0954 /* ToDoUsingCoreData */,
				DD08FD3F21AAAC6000FA0954 /* Products */,
			);
			sourceTree = "<group>";
		};
		DD08FD3F21AAAC6000FA0954 /* Products */ = {
			isa = PBXGroup;
			children = (
				DD08FD3E21AAAC6000FA0954 /* ToDoUsingCoreData.app */,
			);
			name = Products;
			sourceTree = "<group>";
		};
		DD08FD4021AAAC6000FA0954 /* ToDoUsingCoreData */ = {
			isa = PBXGroup;
			children = (
				DD08FD5821AAAEB200FA0954 /* view */,
				DD08FD5921AAAEE500FA0954 /* controller */,
				DD08FD4121AAAC6000FA0954 /* AppDelegate.swift */,
				DD08FD4521AAAC6000FA0954 /* Main.storyboard */,
				DD08FD4B21AAAC6200FA0954 /* Assets.xcassets */,
				DD08FD4D21AAAC6200FA0954 /* LaunchScreen.storyboard */,
				DD08FD5021AAAC6200FA0954 /* Info.plist */,
				DD08FD4821AAAC6000FA0954 /* ToDoUsingCoreData.xcdatamodeld */,
			);
			path = ToDoUsingCoreData;
			sourceTree = "<group>";
		};
		DD08FD5821AAAEB200FA0954 /* view */ = {
			isa = PBXGroup;
			children = (
				DD08FD5C21AAB07C00FA0954 /* TableViewCell.swift */,
			);
			path = view;
			sourceTree = "<group>";
		};
		DD08FD5921AAAEE500FA0954 /* controller */ = {
			isa = PBXGroup;
			children = (
				DD08FD4321AAAC6000FA0954 /* ViewController.swift */,
				DD08FD5A21AAAFCF00FA0954 /* TaskViewController.swift */,
			);
			path = controller;
			sourceTree = "<group>";
		};
/* End PBXGroup section */

/* Begin PBXNativeTarget section */
		DD08FD3D21AAAC5F00FA0954 /* ToDoUsingCoreData */ = {
			isa = PBXNativeTarget;
			buildConfigurationList = DD08FD5321AAAC6200FA0954 /* Build configuration list for PBXNativeTarget "ToDoUsingCoreData" */;
			buildPhases = (
				DD08FD3A21AAAC5F00FA0954 /* Sources */,
				DD08FD3B21AAAC5F00FA0954 /* Frameworks */,
				DD08FD3C21AAAC5F00FA0954 /* Resources */,
			);
			buildRules = (
			);
			dependencies = (
			);
			name = ToDoUsingCoreData;
			productName = ToDoUsingCoreData;
			productReference = DD08FD3E21AAAC6000FA0954 /* ToDoUsingCoreData.app */;
			productType = "com.apple.product-type.application";
		};
/* End PBXNativeTarget section */

/* Begin PBXProject section */
		DD08FD3621AAAC5F00FA0954 /* Project object */ = {
			isa = PBXProject;
			attributes = {
				LastSwiftUpdateCheck = 1010;
				LastUpgradeCheck = 1010;
				ORGANIZATIONNAME = sivakumar;
				TargetAttributes = {
					DD08FD3D21AAAC5F00FA0954 = {
						CreatedOnToolsVersion = 10.1;
					};
				};
			};
			buildConfigurationList = DD08FD3921AAAC5F00FA0954 /* Build configuration list for PBXProject "ToDoUsingCoreData" */;
			compatibilityVersion = "Xcode 9.3";
			developmentRegion = en;
			hasScannedForEncodings = 0;
			knownRegions = (
				en,
				Base,
			);
			mainGroup = DD08FD3521AAAC5F00FA0954;
			productRefGroup = DD08FD3F21AAAC6000FA0954 /* Products */;
			projectDirPath = "";
			projectRoot = "";
			targets = (
				DD08FD3D21AAAC5F00FA0954 /* ToDoUsingCoreData */,
			);
		};
/* End PBXProject section */

/* Begin PBXResourcesBuildPhase section */
		DD08FD3C21AAAC5F00FA0954 /* Resources */ = {
			isa = PBXResourcesBuildPhase;
			buildActionMask = 2147483647;
			files = (
				DD08FD4F21AAAC6200FA0954 /* LaunchScreen.storyboard in Resources */,
				DD08FD4C21AAAC6200FA0954 /* Assets.xcassets in Resources */,
				DD08FD4721AAAC6000FA0954 /* Main.storyboard in Resources */,
			);
			runOnlyForDeploymentPostprocessing = 0;
		};
/* End PBXResourcesBuildPhase section */

/* Begin PBXSourcesBuildPhase section */
		DD08FD3A21AAAC5F00FA0954 /* Sources */ = {
			isa = PBXSourcesBuildPhase;
			buildActionMask = 2147483647;
			files = (
				DD08FD5D21AAB07C00FA0954 /* TableViewCell.swift in Sources */,
				DD08FD4421AAAC6000FA0954 /* ViewController.swift in Sources */,
				DD08FD5B21AAAFCF00FA0954 /* TaskViewController.swift in Sources */,
				DD08FD4A21AAAC6000FA0954 /* ToDoUsingCoreData.xcdatamodeld in Sources */,
				DD08FD4221AAAC6000FA0954 /* AppDelegate.swift in Sources */,
			);
			runOnlyForDeploymentPostprocessing = 0;
		};
/* End PBXSourcesBuildPhase section */

/* Begin PBXVariantGroup section */
		DD08FD4521AAAC6000FA0954 /* Main.storyboard */ = {
			isa = PBXVariantGroup;
			children = (
				DD08FD4621AAAC6000FA0954 /* Base */,
			);
			name = Main.storyboard;
			sourceTree = "<group>";
		};
		DD08FD4D21AAAC6200FA0954 /* LaunchScreen.storyboard */ = {
			isa = PBXVariantGroup;
			children = (
				DD08FD4E21AAAC6200FA0954 /* Base */,
			);
			name = LaunchScreen.storyboard;
			sourceTree = "<group>";
		};
/* End PBXVariantGroup section */

/* Begin XCBuildConfiguration section */
		DD08FD5121AAAC6200FA0954 /* Debug */ = {
			isa = XCBuildConfiguration;
			buildSettings = {
				ALWAYS_SEARCH_USER_PATHS = NO;
				CLANG_ANALYZER_NONNULL = YES;
				CLANG_ANALYZER_NUMBER_OBJECT_CONVERSION = YES_AGGRESSIVE;
				CLANG_CXX_LANGUAGE_STANDARD = "gnu++14";
				CLANG_CXX_LIBRARY = "libc++";
				CLANG_ENABLE_MODULES = YES;
				CLANG_ENABLE_OBJC_ARC = YES;
				CLANG_ENABLE_OBJC_WEAK = YES;
				CLANG_WARN_BLOCK_CAPTURE_AUTORELEASING = YES;
				CLANG_WARN_BOOL_CONVERSION = YES;
				CLANG_WARN_COMMA = YES;
				CLANG_WARN_CONSTANT_CONVERSION = YES;
				CLANG_WARN_DEPRECATED_OBJC_IMPLEMENTATIONS = YES;
				CLANG_WARN_DIRECT_OBJC_ISA_USAGE = YES_ERROR;
				CLANG_WARN_DOCUMENTATION_COMMENTS = YES;
				CLANG_WARN_EMPTY_BODY = YES;
				CLANG_WARN_ENUM_CONVERSION = YES;
				CLANG_WARN_INFINITE_RECURSION = YES;
				CLANG_WARN_INT_CONVERSION = YES;
				CLANG_WARN_NON_LITERAL_NULL_CONVERSION = YES;
				CLANG_WARN_OBJC_IMPLICIT_RETAIN_SELF = YES;
				CLANG_WARN_OBJC_LITERAL_CONVERSION = YES;
				CLANG_WARN_OBJC_ROOT_CLASS = YES_ERROR;
				CLANG_WARN_RANGE_LOOP_ANALYSIS = YES;
				CLANG_WARN_STRICT_PROTOTYPES = YES;
				CLANG_WARN_SUSPICIOUS_MOVE = YES;
				CLANG_WARN_UNGUARDED_AVAILABILITY = YES_AGGRESSIVE;
				CLANG_WARN_UNREACHABLE_CODE = YES;
				CLANG_WARN__DUPLICATE_METHOD_MATCH = YES;
				CODE_SIGN_IDENTITY = "iPhone Developer";
				COPY_PHASE_STRIP = NO;
				DEBUG_INFORMATION_FORMAT = dwarf;
				ENABLE_STRICT_OBJC_MSGSEND = YES;
				ENABLE_TESTABILITY = YES;
				GCC_C_LANGUAGE_STANDARD = gnu11;
				GCC_DYNAMIC_NO_PIC = NO;
				GCC_NO_COMMON_BLOCKS = YES;
				GCC_OPTIMIZATION_LEVEL = 0;
				GCC_PREPROCESSOR_DEFINITIONS = (
					"DEBUG=1",
					"$(inherited)",
				);
				GCC_WARN_64_TO_32_BIT_CONVERSION = YES;
				GCC_WARN_ABOUT_RETURN_TYPE = YES_ERROR;
				GCC_WARN_UNDECLARED_SELECTOR = YES;
				GCC_WARN_UNINITIALIZED_AUTOS = YES_AGGRESSIVE;
				GCC_WARN_UNUSED_FUNCTION = YES;
				GCC_WARN_UNUSED_VARIABLE = YES;
				IPHONEOS_DEPLOYMENT_TARGET = 12.1;
				MTL_ENABLE_DEBUG_INFO = INCLUDE_SOURCE;
				MTL_FAST_MATH = YES;
				ONLY_ACTIVE_ARCH = YES;
				SDKROOT = iphoneos;
				SWIFT_ACTIVE_COMPILATION_CONDITIONS = DEBUG;
				SWIFT_OPTIMIZATION_LEVEL = "-Onone";
			};
			name = Debug;
		};
		DD08FD5221AAAC6200FA0954 /* Release */ = {
			isa = XCBuildConfiguration;
			buildSettings = {
				ALWAYS_SEARCH_USER_PATHS = NO;
				CLANG_ANALYZER_NONNULL = YES;
				CLANG_ANALYZER_NUMBER_OBJECT_CONVERSION = YES_AGGRESSIVE;
				CLANG_CXX_LANGUAGE_STANDARD = "gnu++14";
				CLANG_CXX_LIBRARY = "libc++";
				CLANG_ENABLE_MODULES = YES;
				CLANG_ENABLE_OBJC_ARC = YES;
				CLANG_ENABLE_OBJC_WEAK = YES;
				CLANG_WARN_BLOCK_CAPTURE_AUTORELEASING = YES;
				CLANG_WARN_BOOL_CONVERSION = YES;
				CLANG_WARN_COMMA = YES;
				CLANG_WARN_CONSTANT_CONVERSION = YES;
				CLANG_WARN_DEPRECATED_OBJC_IMPLEMENTATIONS = YES;
				CLANG_WARN_DIRECT_OBJC_ISA_USAGE = YES_ERROR;
				CLANG_WARN_DOCUMENTATION_COMMENTS = YES;
				CLANG_WARN_EMPTY_BODY = YES;
				CLANG_WARN_ENUM_CONVERSION = YES;
				CLANG_WARN_INFINITE_RECURSION = YES;
				CLANG_WARN_INT_CONVERSION = YES;
				CLANG_WARN_NON_LITERAL_NULL_CONVERSION = YES;
				CLANG_WARN_OBJC_IMPLICIT_RETAIN_SELF = YES;
				CLANG_WARN_OBJC_LITERAL_CONVERSION = YES;
				CLANG_WARN_OBJC_ROOT_CLASS = YES_ERROR;
				CLANG_WARN_RANGE_LOOP_ANALYSIS = YES;
				CLANG_WARN_STRICT_PROTOTYPES = YES;
				CLANG_WARN_SUSPICIOUS_MOVE = YES;
				CLANG_WARN_UNGUARDED_AVAILABILITY = YES_AGGRESSIVE;
				CLANG_WARN_UNREACHABLE_CODE = YES;
				CLANG_WARN__DUPLICATE_METHOD_MATCH = YES;
				CODE_SIGN_IDENTITY = "iPhone Developer";
				COPY_PHASE_STRIP = NO;
				DEBUG_INFORMATION_FORMAT = "dwarf-with-dsym";
				ENABLE_NS_ASSERTIONS = NO;
				ENABLE_STRICT_OBJC_MSGSEND = YES;
				GCC_C_LANGUAGE_STANDARD = gnu11;
				GCC_NO_COMMON_BLOCKS = YES;
				GCC_WARN_64_TO_32_BIT_CONVERSION = YES;
				GCC_WARN_ABOUT_RETURN_TYPE = YES_ERROR;
				GCC_WARN_UNDECLARED_SELECTOR = YES;
				GCC_WARN_UNINITIALIZED_AUTOS = YES_AGGRESSIVE;
				GCC_WARN_UNUSED_FUNCTION = YES;
				GCC_WARN_UNUSED_VARIABLE = YES;
				IPHONEOS_DEPLOYMENT_TARGET = 12.1;
				MTL_ENABLE_DEBUG_INFO = NO;
				MTL_FAST_MATH = YES;
				SDKROOT = iphoneos;
				SWIFT_COMPILATION_MODE = wholemodule;
				SWIFT_OPTIMIZATION_LEVEL = "-O";
				VALIDATE_PRODUCT = YES;
			};
			name = Release;
		};
		DD08FD5421AAAC6200FA0954 /* Debug */ = {
			isa = XCBuildConfiguration;
			buildSettings = {
				ASSETCATALOG_COMPILER_APPICON_NAME = AppIcon;
				CODE_SIGN_STYLE = Automatic;
				DEVELOPMENT_TEAM = 7H2A5JN63R;
				INFOPLIST_FILE = ToDoUsingCoreData/Info.plist;
				LD_RUNPATH_SEARCH_PATHS = (
					"$(inherited)",
					"@executable_path/Frameworks",
				);
				PRODUCT_BUNDLE_IDENTIFIER = sss.ToDoUsingCoreData;
				PRODUCT_NAME = "$(TARGET_NAME)";
				SWIFT_VERSION = 4.2;
				TARGETED_DEVICE_FAMILY = "1,2";
			};
			name = Debug;
		};
		DD08FD5521AAAC6200FA0954 /* Release */ = {
			isa = XCBuildConfiguration;
			buildSettings = {
				ASSETCATALOG_COMPILER_APPICON_NAME = AppIcon;
				CODE_SIGN_STYLE = Automatic;
				DEVELOPMENT_TEAM = 7H2A5JN63R;
				INFOPLIST_FILE = ToDoUsingCoreData/Info.plist;
				LD_RUNPATH_SEARCH_PATHS = (
					"$(inherited)",
					"@executable_path/Frameworks",
				);
				PRODUCT_BUNDLE_IDENTIFIER = sss.ToDoUsingCoreData;
				PRODUCT_NAME = "$(TARGET_NAME)";
				SWIFT_VERSION = 4.2;
				TARGETED_DEVICE_FAMILY = "1,2";
			};
			name = Release;
		};
/* End XCBuildConfiguration section */

/* Begin XCConfigurationList section */
		DD08FD3921AAAC5F00FA0954 /* Build configuration list for PBXProject "ToDoUsingCoreData" */ = {
			isa = XCConfigurationList;
			buildConfigurations = (
				DD08FD5121AAAC6200FA0954 /* Debug */,
				DD08FD5221AAAC6200FA0954 /* Release */,
			);
			defaultConfigurationIsVisible = 0;
			defaultConfigurationName = Release;
		};
		DD08FD5321AAAC6200FA0954 /* Build configuration list for PBXNativeTarget "ToDoUsingCoreData" */ = {
			isa = XCConfigurationList;
			buildConfigurations = (
				DD08FD5421AAAC6200FA0954 /* Debug */,
				DD08FD5521AAAC6200FA0954 /* Release */,
			);
			defaultConfigurationIsVisible = 0;
			defaultConfigurationName = Release;
		};
/* End XCConfigurationList section */

/* Begin XCVersionGroup section */
		DD08FD4821AAAC6000FA0954 /* ToDoUsingCoreData.xcdatamodeld */ = {
			isa = XCVersionGroup;
			children = (
				DD08FD4921AAAC6000FA0954 /* ToDoUsingCoreData.xcdatamodel */,
			);
			currentVersion = DD08FD4921AAAC6000FA0954 /* ToDoUsingCoreData.xcdatamodel */;
			path = ToDoUsingCoreData.xcdatamodeld;
			sourceTree = "<group>";
			versionGroupType = wrapper.xcdatamodel;
		};
/* End XCVersionGroup section */
	};
	rootObject = DD08FD3621AAAC5F00FA0954 /* Project object */;
}
